
Microsoft Visual Studio Solution File, Format Version 12.00
# Visual Studio 14
VisualStudioVersion = 14.0.25420.1
MinimumVisualStudioVersion = 10.0.40219.1
Project("{8BC9CEB8-8B4A-11D0-8D11-00A0C91BC942}") = "Eigen", "Eigen\Eigen.vcxproj", "{E778F062-01E9-4190-9987-5AA853ACBB75}"
EndProject
Project("{8BC9CEB8-8B4A-11D0-8D11-00A0C91BC942}") = "cov_pol", "cov_pol\cov_pol.vcxproj", "{BC96EAA7-674C-47B3-8AEE-92BF3FAF61BF}"
EndProject
Global
	GlobalSection(SolutionConfigurationPlatforms) = preSolution
		Debug|x64 = Debug|x64
		Debug|x86 = Debug|x86
		Release|x64 = Release|x64
		Release|x86 = Release|x86
	EndGlobalSection
	GlobalSection(ProjectConfigurationPlatforms) = postSolution
		{E778F062-01E9-4190-9987-5AA853ACBB75}.Debug|x64.ActiveCfg = Debug|x64
		{E778F062-01E9-4190-9987-5AA853ACBB75}.Debug|x64.Build.0 = Debug|x64
		{E778F062-01E9-4190-9987-5AA853ACBB75}.Debug|x86.ActiveCfg = Debug|Win32
		{E778F062-01E9-4190-9987-5AA853ACBB75}.Debug|x86.Build.0 = Debug|Win32
		{E778F062-01E9-4190-9987-5AA853ACBB75}.Release|x64.ActiveCfg = Release|x64
		{E778F062-01E9-4190-9987-5AA853ACBB75}.Release|x64.Build.0 = Release|x64
		{E778F062-01E9-4190-9987-5AA853ACBB75}.Release|x86.ActiveCfg = Release|Win32
		{E778F062-01E9-4190-9987-5AA853ACBB75}.Release|x86.Build.0 = Release|Win32
		{BC96EAA7-674C-47B3-8AEE-92BF3FAF61BF}.Debug|x64.ActiveCfg = Debug|x64
		{BC96EAA7-674C-47B3-8AEE-92BF3FAF61BF}.Debug|x64.Build.0 = Debug|x64
		{BC96EAA7-674C-47B3-8AEE-92BF3FAF61BF}.Debug|x86.ActiveCfg = Debug|Win32
		{BC96EAA7-674C-47B3-8AEE-92BF3FAF61BF}.Debug|x86.Build.0 = Debug|Win32
		{BC96EAA7-674C-47B3-8AEE-92BF3FAF61BF}.Release|x64.ActiveCfg = Release|x64
		{BC96EAA7-674C-47B3-8AEE-92BF3FAF61BF}.Release|x64.Build.0 = Release|x64
		{BC96EAA7-674C-47B3-8AEE-92BF3FAF61BF}.Release|x86.ActiveCfg = Release|Win32
		{BC96EAA7-674C-47B3-8AEE-92BF3FAF61BF}.Release|x86.Build.0 = Release|Win32
	EndGlobalSection
	GlobalSection(SolutionProperties) = preSolution
		HideSolutionNode = FALSE
	EndGlobalSection
EndGlobal
